// !$*UTF8*$!
{
	archiveVersion = 1;
	classes = {
	};
	objectVersion = 50;
	objects = {

/* Begin PBXBuildFile section */
		B61AF34B2480BE5C00A2DC12 /* AppDelegate.swift in Sources */ = {isa = PBXBuildFile; fileRef = B61AF34A2480BE5C00A2DC12 /* AppDelegate.swift */; };
		B61AF34D2480BE5C00A2DC12 /* SceneDelegate.swift in Sources */ = {isa = PBXBuildFile; fileRef = B61AF34C2480BE5C00A2DC12 /* SceneDelegate.swift */; };
		B61AF3522480BE5C00A2DC12 /* Main.storyboard in Resources */ = {isa = PBXBuildFile; fileRef = B61AF3502480BE5C00A2DC12 /* Main.storyboard */; };
		B61AF3552480BE5C00A2DC12 /* FlickrDemo.xcdatamodeld in Sources */ = {isa = PBXBuildFile; fileRef = B61AF3532480BE5C00A2DC12 /* FlickrDemo.xcdatamodeld */; };
		B61AF3572480BE5E00A2DC12 /* Assets.xcassets in Resources */ = {isa = PBXBuildFile; fileRef = B61AF3562480BE5E00A2DC12 /* Assets.xcassets */; };
		B61AF35A2480BE5E00A2DC12 /* LaunchScreen.storyboard in Resources */ = {isa = PBXBuildFile; fileRef = B61AF3582480BE5E00A2DC12 /* LaunchScreen.storyboard */; };
		B64AE4772480CD9700FCFDA2 /* SearchViewController.swift in Sources */ = {isa = PBXBuildFile; fileRef = B64AE4762480CD9700FCFDA2 /* SearchViewController.swift */; };
		B64AE47924810CC300FCFDA2 /* WebService.swift in Sources */ = {isa = PBXBuildFile; fileRef = B64AE47824810CC300FCFDA2 /* WebService.swift */; };
		B64AE47B2481111700FCFDA2 /* Photo.swift in Sources */ = {isa = PBXBuildFile; fileRef = B64AE47A2481111700FCFDA2 /* Photo.swift */; };
		B64AE47D2481131100FCFDA2 /* ImgDownloadTask.swift in Sources */ = {isa = PBXBuildFile; fileRef = B64AE47C2481131100FCFDA2 /* ImgDownloadTask.swift */; };
		B64AE4822482202600FCFDA2 /* PhotoCollectionViewCell.swift in Sources */ = {isa = PBXBuildFile; fileRef = B64AE4802482202600FCFDA2 /* PhotoCollectionViewCell.swift */; };
		B64AE4832482202600FCFDA2 /* PhotoCollectionViewCell.xib in Resources */ = {isa = PBXBuildFile; fileRef = B64AE4812482202600FCFDA2 /* PhotoCollectionViewCell.xib */; };
		B64AE4852482293500FCFDA2 /* TabBarViewController.swift in Sources */ = {isa = PBXBuildFile; fileRef = B64AE4842482293500FCFDA2 /* TabBarViewController.swift */; };
		B64AE4872482296200FCFDA2 /* ResultViewController.swift in Sources */ = {isa = PBXBuildFile; fileRef = B64AE4862482296200FCFDA2 /* ResultViewController.swift */; };
		CE4B028E24848F3D006F1BEB /* PhotoCoreDataHelper.swift in Sources */ = {isa = PBXBuildFile; fileRef = CE4B028D24848F3D006F1BEB /* PhotoCoreDataHelper.swift */; };
		CE8D6AB024849A5C00AF681D /* FavoritePhotoViewController.swift in Sources */ = {isa = PBXBuildFile; fileRef = CE8D6AAF24849A5C00AF681D /* FavoritePhotoViewController.swift */; };
/* End PBXBuildFile section */

/* Begin PBXFileReference section */
		B61AF3472480BE5C00A2DC12 /* FlickrDemo.app */ = {isa = PBXFileReference; explicitFileType = wrapper.application; includeInIndex = 0; path = FlickrDemo.app; sourceTree = BUILT_PRODUCTS_DIR; };
		B61AF34A2480BE5C00A2DC12 /* AppDelegate.swift */ = {isa = PBXFileReference; lastKnownFileType = sourcecode.swift; path = AppDelegate.swift; sourceTree = "<group>"; };
		B61AF34C2480BE5C00A2DC12 /* SceneDelegate.swift */ = {isa = PBXFileReference; lastKnownFileType = sourcecode.swift; path = SceneDelegate.swift; sourceTree = "<group>"; };
		B61AF3512480BE5C00A2DC12 /* Base */ = {isa = PBXFileReference; lastKnownFileType = file.storyboard; name = Base; path = Base.lproj/Main.storyboard; sourceTree = "<group>"; };
		B61AF3542480BE5C00A2DC12 /* FlickrDemo.xcdatamodel */ = {isa = PBXFileReference; lastKnownFileType = wrapper.xcdatamodel; path = FlickrDemo.xcdatamodel; sourceTree = "<group>"; };
		B61AF3562480BE5E00A2DC12 /* Assets.xcassets */ = {isa = PBXFileReference; lastKnownFileType = folder.assetcatalog; path = Assets.xcassets; sourceTree = "<group>"; };
		B61AF3592480BE5E00A2DC12 /* Base */ = {isa = PBXFileReference; lastKnownFileType = file.storyboard; name = Base; path = Base.lproj/LaunchScreen.storyboard; sourceTree = "<group>"; };
		B61AF35B2480BE5E00A2DC12 /* Info.plist */ = {isa = PBXFileReference; lastKnownFileType = text.plist.xml; path = Info.plist; sourceTree = "<group>"; };
		B64AE4762480CD9700FCFDA2 /* SearchViewController.swift */ = {isa = PBXFileReference; lastKnownFileType = sourcecode.swift; path = SearchViewController.swift; sourceTree = "<group>"; };
		B64AE47824810CC300FCFDA2 /* WebService.swift */ = {isa = PBXFileReference; lastKnownFileType = sourcecode.swift; path = WebService.swift; sourceTree = "<group>"; };
		B64AE47A2481111700FCFDA2 /* Photo.swift */ = {isa = PBXFileReference; lastKnownFileType = sourcecode.swift; path = Photo.swift; sourceTree = "<group>"; };
		B64AE47C2481131100FCFDA2 /* ImgDownloadTask.swift */ = {isa = PBXFileReference; lastKnownFileType = sourcecode.swift; path = ImgDownloadTask.swift; sourceTree = "<group>"; };
		B64AE4802482202600FCFDA2 /* PhotoCollectionViewCell.swift */ = {isa = PBXFileReference; lastKnownFileType = sourcecode.swift; path = PhotoCollectionViewCell.swift; sourceTree = "<group>"; };
		B64AE4812482202600FCFDA2 /* PhotoCollectionViewCell.xib */ = {isa = PBXFileReference; lastKnownFileType = file.xib; path = PhotoCollectionViewCell.xib; sourceTree = "<group>"; };
		B64AE4842482293500FCFDA2 /* TabBarViewController.swift */ = {isa = PBXFileReference; lastKnownFileType = sourcecode.swift; path = TabBarViewController.swift; sourceTree = "<group>"; };
		B64AE4862482296200FCFDA2 /* ResultViewController.swift */ = {isa = PBXFileReference; lastKnownFileType = sourcecode.swift; path = ResultViewController.swift; sourceTree = "<group>"; };
		CE4B028D24848F3D006F1BEB /* PhotoCoreDataHelper.swift */ = {isa = PBXFileReference; lastKnownFileType = sourcecode.swift; path = PhotoCoreDataHelper.swift; sourceTree = "<group>"; };
		CE8D6AAF24849A5C00AF681D /* FavoritePhotoViewController.swift */ = {isa = PBXFileReference; lastKnownFileType = sourcecode.swift; path = FavoritePhotoViewController.swift; sourceTree = "<group>"; };
/* End PBXFileReference section */

/* Begin PBXFrameworksBuildPhase section */
		B61AF3442480BE5C00A2DC12 /* Frameworks */ = {
			isa = PBXFrameworksBuildPhase;
			buildActionMask = 2147483647;
			files = (
			);
			runOnlyForDeploymentPostprocessing = 0;
		};
/* End PBXFrameworksBuildPhase section */

/* Begin PBXGroup section */
		B61AF33E2480BE5C00A2DC12 = {
			isa = PBXGroup;
			children = (
				B61AF3492480BE5C00A2DC12 /* FlickrDemo */,
				B61AF3482480BE5C00A2DC12 /* Products */,
			);
			sourceTree = "<group>";
		};
		B61AF3482480BE5C00A2DC12 /* Products */ = {
			isa = PBXGroup;
			children = (
				B61AF3472480BE5C00A2DC12 /* FlickrDemo.app */,
			);
			name = Products;
			sourceTree = "<group>";
		};
		B61AF3492480BE5C00A2DC12 /* FlickrDemo */ = {
			isa = PBXGroup;
			children = (
				B61AF34A2480BE5C00A2DC12 /* AppDelegate.swift */,
				B61AF34C2480BE5C00A2DC12 /* SceneDelegate.swift */,
				B64AE4762480CD9700FCFDA2 /* SearchViewController.swift */,
				B64AE4842482293500FCFDA2 /* TabBarViewController.swift */,
				B64AE4862482296200FCFDA2 /* ResultViewController.swift */,
				CE8D6AAF24849A5C00AF681D /* FavoritePhotoViewController.swift */,
				CE8D6AB12484ACB000AF681D /* PhotoModel */,
				CE8D6AB22484ACBA00AF681D /* Functions */,
				CE8D6AB32484ACEE00AF681D /* Cell */,
				B61AF3502480BE5C00A2DC12 /* Main.storyboard */,
				B61AF3562480BE5E00A2DC12 /* Assets.xcassets */,
				B61AF3582480BE5E00A2DC12 /* LaunchScreen.storyboard */,
				B61AF35B2480BE5E00A2DC12 /* Info.plist */,
				B61AF3532480BE5C00A2DC12 /* FlickrDemo.xcdatamodeld */,
			);
			path = FlickrDemo;
			sourceTree = "<group>";
		};
		CE8D6AB12484ACB000AF681D /* PhotoModel */ = {
			isa = PBXGroup;
			children = (
				B64AE47A2481111700FCFDA2 /* Photo.swift */,
				B64AE47C2481131100FCFDA2 /* ImgDownloadTask.swift */,
			);
			path = PhotoModel;
			sourceTree = "<group>";
		};
		CE8D6AB22484ACBA00AF681D /* Functions */ = {
			isa = PBXGroup;
			children = (
				B64AE47824810CC300FCFDA2 /* WebService.swift */,
				CE4B028D24848F3D006F1BEB /* PhotoCoreDataHelper.swift */,
			);
			path = Functions;
			sourceTree = "<group>";
		};
		CE8D6AB32484ACEE00AF681D /* Cell */ = {
			isa = PBXGroup;
			children = (
				B64AE4802482202600FCFDA2 /* PhotoCollectionViewCell.swift */,
				B64AE4812482202600FCFDA2 /* PhotoCollectionViewCell.xib */,
			);
			path = Cell;
			sourceTree = "<group>";
		};
/* End PBXGroup section */

/* Begin PBXNativeTarget section */
		B61AF3462480BE5C00A2DC12 /* FlickrDemo */ = {
			isa = PBXNativeTarget;
			buildConfigurationList = B61AF35E2480BE5E00A2DC12 /* Build configuration list for PBXNativeTarget "FlickrDemo" */;
			buildPhases = (
				B61AF3432480BE5C00A2DC12 /* Sources */,
				B61AF3442480BE5C00A2DC12 /* Frameworks */,
				B61AF3452480BE5C00A2DC12 /* Resources */,
			);
			buildRules = (
			);
			dependencies = (
			);
			name = FlickrDemo;
			productName = FlickrDemo;
			productReference = B61AF3472480BE5C00A2DC12 /* FlickrDemo.app */;
			productType = "com.apple.product-type.application";
		};
/* End PBXNativeTarget section */

/* Begin PBXProject section */
		B61AF33F2480BE5C00A2DC12 /* Project object */ = {
			isa = PBXProject;
			attributes = {
				LastSwiftUpdateCheck = 1130;
				LastUpgradeCheck = 1130;
				ORGANIZATIONNAME = Finn;
				TargetAttributes = {
					B61AF3462480BE5C00A2DC12 = {
						CreatedOnToolsVersion = 11.3.1;
					};
				};
			};
			buildConfigurationList = B61AF3422480BE5C00A2DC12 /* Build configuration list for PBXProject "FlickrDemo" */;
			compatibilityVersion = "Xcode 9.3";
			developmentRegion = en;
			hasScannedForEncodings = 0;
			knownRegions = (
				en,
				Base,
			);
			mainGroup = B61AF33E2480BE5C00A2DC12;
			productRefGroup = B61AF3482480BE5C00A2DC12 /* Products */;
			projectDirPath = "";
			projectRoot = "";
			targets = (
				B61AF3462480BE5C00A2DC12 /* FlickrDemo */,
			);
		};
/* End PBXProject section */

/* Begin PBXResourcesBuildPhase section */
		B61AF3452480BE5C00A2DC12 /* Resources */ = {
			isa = PBXResourcesBuildPhase;
			buildActionMask = 2147483647;
			files = (
				B61AF35A2480BE5E00A2DC12 /* LaunchScreen.storyboard in Resources */,
				B64AE4832482202600FCFDA2 /* PhotoCollectionViewCell.xib in Resources */,
				B61AF3572480BE5E00A2DC12 /* Assets.xcassets in Resources */,
				B61AF3522480BE5C00A2DC12 /* Main.storyboard in Resources */,
			);
			runOnlyForDeploymentPostprocessing = 0;
		};
/* End PBXResourcesBuildPhase section */

/* Begin PBXSourcesBuildPhase section */
		B61AF3432480BE5C00A2DC12 /* Sources */ = {
			isa = PBXSourcesBuildPhase;
			buildActionMask = 2147483647;
			files = (
				B64AE47D2481131100FCFDA2 /* ImgDownloadTask.swift in Sources */,
				B64AE47B2481111700FCFDA2 /* Photo.swift in Sources */,
				B61AF34B2480BE5C00A2DC12 /* AppDelegate.swift in Sources */,
				B61AF34D2480BE5C00A2DC12 /* SceneDelegate.swift in Sources */,
				CE4B028E24848F3D006F1BEB /* PhotoCoreDataHelper.swift in Sources */,
				B64AE4822482202600FCFDA2 /* PhotoCollectionViewCell.swift in Sources */,
				B64AE4772480CD9700FCFDA2 /* SearchViewController.swift in Sources */,
				CE8D6AB024849A5C00AF681D /* FavoritePhotoViewController.swift in Sources */,
				B64AE47924810CC300FCFDA2 /* WebService.swift in Sources */,
				B64AE4852482293500FCFDA2 /* TabBarViewController.swift in Sources */,
				B61AF3552480BE5C00A2DC12 /* FlickrDemo.xcdatamodeld in Sources */,
				B64AE4872482296200FCFDA2 /* ResultViewController.swift in Sources */,
			);
			runOnlyForDeploymentPostprocessing = 0;
		};
/* End PBXSourcesBuildPhase section */

/* Begin PBXVariantGroup section */
		B61AF3502480BE5C00A2DC12 /* Main.storyboard */ = {
			isa = PBXVariantGroup;
			children = (
				B61AF3512480BE5C00A2DC12 /* Base */,
			);
			name = Main.storyboard;
			sourceTree = "<group>";
		};
		B61AF3582480BE5E00A2DC12 /* LaunchScreen.storyboard */ = {
			isa = PBXVariantGroup;
			children = (
				B61AF3592480BE5E00A2DC12 /* Base */,
			);
			name = LaunchScreen.storyboard;
			sourceTree = "<group>";
		};
/* End PBXVariantGroup section */

/* Begin XCBuildConfiguration section */
		B61AF35C2480BE5E00A2DC12 /* Debug */ = {
			isa = XCBuildConfiguration;
			buildSettings = {
				ALWAYS_SEARCH_USER_PATHS = NO;
				CLANG_ANALYZER_NONNULL = YES;
				CLANG_ANALYZER_NUMBER_OBJECT_CONVERSION = YES_AGGRESSIVE;
				CLANG_CXX_LANGUAGE_STANDARD = "gnu++14";
				CLANG_CXX_LIBRARY = "libc++";
				CLANG_ENABLE_MODULES = YES;
				CLANG_ENABLE_OBJC_ARC = YES;
				CLANG_ENABLE_OBJC_WEAK = YES;
				CLANG_WARN_BLOCK_CAPTURE_AUTORELEASING = YES;
				CLANG_WARN_BOOL_CONVERSION = YES;
				CLANG_WARN_COMMA = YES;
				CLANG_WARN_CONSTANT_CONVERSION = YES;
				CLANG_WARN_DEPRECATED_OBJC_IMPLEMENTATIONS = YES;
				CLANG_WARN_DIRECT_OBJC_ISA_USAGE = YES_ERROR;
				CLANG_WARN_DOCUMENTATION_COMMENTS = YES;
				CLANG_WARN_EMPTY_BODY = YES;
				CLANG_WARN_ENUM_CONVERSION = YES;
				CLANG_WARN_INFINITE_RECURSION = YES;
				CLANG_WARN_INT_CONVERSION = YES;
				CLANG_WARN_NON_LITERAL_NULL_CONVERSION = YES;
				CLANG_WARN_OBJC_IMPLICIT_RETAIN_SELF = YES;
				CLANG_WARN_OBJC_LITERAL_CONVERSION = YES;
				CLANG_WARN_OBJC_ROOT_CLASS = YES_ERROR;
				CLANG_WARN_RANGE_LOOP_ANALYSIS = YES;
				CLANG_WARN_STRICT_PROTOTYPES = YES;
				CLANG_WARN_SUSPICIOUS_MOVE = YES;
				CLANG_WARN_UNGUARDED_AVAILABILITY = YES_AGGRESSIVE;
				CLANG_WARN_UNREACHABLE_CODE = YES;
				CLANG_WARN__DUPLICATE_METHOD_MATCH = YES;
				COPY_PHASE_STRIP = NO;
				DEBUG_INFORMATION_FORMAT = dwarf;
				ENABLE_STRICT_OBJC_MSGSEND = YES;
				ENABLE_TESTABILITY = YES;
				GCC_C_LANGUAGE_STANDARD = gnu11;
				GCC_DYNAMIC_NO_PIC = NO;
				GCC_NO_COMMON_BLOCKS = YES;
				GCC_OPTIMIZATION_LEVEL = 0;
				GCC_PREPROCESSOR_DEFINITIONS = (
					"DEBUG=1",
					"$(inherited)",
				);
				GCC_WARN_64_TO_32_BIT_CONVERSION = YES;
				GCC_WARN_ABOUT_RETURN_TYPE = YES_ERROR;
				GCC_WARN_UNDECLARED_SELECTOR = YES;
				GCC_WARN_UNINITIALIZED_AUTOS = YES_AGGRESSIVE;
				GCC_WARN_UNUSED_FUNCTION = YES;
				GCC_WARN_UNUSED_VARIABLE = YES;
				IPHONEOS_DEPLOYMENT_TARGET = 13.2;
				MTL_ENABLE_DEBUG_INFO = INCLUDE_SOURCE;
				MTL_FAST_MATH = YES;
				ONLY_ACTIVE_ARCH = YES;
				SDKROOT = iphoneos;
				SWIFT_ACTIVE_COMPILATION_CONDITIONS = DEBUG;
				SWIFT_OPTIMIZATION_LEVEL = "-Onone";
			};
			name = Debug;
		};
		B61AF35D2480BE5E00A2DC12 /* Release */ = {
			isa = XCBuildConfiguration;
			buildSettings = {
				ALWAYS_SEARCH_USER_PATHS = NO;
				CLANG_ANALYZER_NONNULL = YES;
				CLANG_ANALYZER_NUMBER_OBJECT_CONVERSION = YES_AGGRESSIVE;
				CLANG_CXX_LANGUAGE_STANDARD = "gnu++14";
				CLANG_CXX_LIBRARY = "libc++";
				CLANG_ENABLE_MODULES = YES;
				CLANG_ENABLE_OBJC_ARC = YES;
				CLANG_ENABLE_OBJC_WEAK = YES;
				CLANG_WARN_BLOCK_CAPTURE_AUTORELEASING = YES;
				CLANG_WARN_BOOL_CONVERSION = YES;
				CLANG_WARN_COMMA = YES;
				CLANG_WARN_CONSTANT_CONVERSION = YES;
				CLANG_WARN_DEPRECATED_OBJC_IMPLEMENTATIONS = YES;
				CLANG_WARN_DIRECT_OBJC_ISA_USAGE = YES_ERROR;
				CLANG_WARN_DOCUMENTATION_COMMENTS = YES;
				CLANG_WARN_EMPTY_BODY = YES;
				CLANG_WARN_ENUM_CONVERSION = YES;
				CLANG_WARN_INFINITE_RECURSION = YES;
				CLANG_WARN_INT_CONVERSION = YES;
				CLANG_WARN_NON_LITERAL_NULL_CONVERSION = YES;
				CLANG_WARN_OBJC_IMPLICIT_RETAIN_SELF = YES;
				CLANG_WARN_OBJC_LITERAL_CONVERSION = YES;
				CLANG_WARN_OBJC_ROOT_CLASS = YES_ERROR;
				CLANG_WARN_RANGE_LOOP_ANALYSIS = YES;
				CLANG_WARN_STRICT_PROTOTYPES = YES;
				CLANG_WARN_SUSPICIOUS_MOVE = YES;
				CLANG_WARN_UNGUARDED_AVAILABILITY = YES_AGGRESSIVE;
				CLANG_WARN_UNREACHABLE_CODE = YES;
				CLANG_WARN__DUPLICATE_METHOD_MATCH = YES;
				COPY_PHASE_STRIP = NO;
				DEBUG_INFORMATION_FORMAT = "dwarf-with-dsym";
				ENABLE_NS_ASSERTIONS = NO;
				ENABLE_STRICT_OBJC_MSGSEND = YES;
				GCC_C_LANGUAGE_STANDARD = gnu11;
				GCC_NO_COMMON_BLOCKS = YES;
				GCC_WARN_64_TO_32_BIT_CONVERSION = YES;
				GCC_WARN_ABOUT_RETURN_TYPE = YES_ERROR;
				GCC_WARN_UNDECLARED_SELECTOR = YES;
				GCC_WARN_UNINITIALIZED_AUTOS = YES_AGGRESSIVE;
				GCC_WARN_UNUSED_FUNCTION = YES;
				GCC_WARN_UNUSED_VARIABLE = YES;
				IPHONEOS_DEPLOYMENT_TARGET = 13.2;
				MTL_ENABLE_DEBUG_INFO = NO;
				MTL_FAST_MATH = YES;
				SDKROOT = iphoneos;
				SWIFT_COMPILATION_MODE = wholemodule;
				SWIFT_OPTIMIZATION_LEVEL = "-O";
				VALIDATE_PRODUCT = YES;
			};
			name = Release;
		};
		B61AF35F2480BE5E00A2DC12 /* Debug */ = {
			isa = XCBuildConfiguration;
			buildSettings = {
				ASSETCATALOG_COMPILER_APPICON_NAME = AppIcon;
				CODE_SIGN_STYLE = Automatic;
				DEVELOPMENT_TEAM = NPGZC3NCFH;
				INFOPLIST_FILE = FlickrDemo/Info.plist;
				LD_RUNPATH_SEARCH_PATHS = (
					"$(inherited)",
					"@executable_path/Frameworks",
				);
				PRODUCT_BUNDLE_IDENTIFIER = com.finnwu.FlickrDemo;
				PRODUCT_NAME = "$(TARGET_NAME)";
				SWIFT_VERSION = 5.0;
				TARGETED_DEVICE_FAMILY = "1,2";
			};
			name = Debug;
		};
		B61AF3602480BE5E00A2DC12 /* Release */ = {
			isa = XCBuildConfiguration;
			buildSettings = {
				ASSETCATALOG_COMPILER_APPICON_NAME = AppIcon;
				CODE_SIGN_STYLE = Automatic;
				DEVELOPMENT_TEAM = NPGZC3NCFH;
				INFOPLIST_FILE = FlickrDemo/Info.plist;
				LD_RUNPATH_SEARCH_PATHS = (
					"$(inherited)",
					"@executable_path/Frameworks",
				);
				PRODUCT_BUNDLE_IDENTIFIER = com.finnwu.FlickrDemo;
				PRODUCT_NAME = "$(TARGET_NAME)";
				SWIFT_VERSION = 5.0;
				TARGETED_DEVICE_FAMILY = "1,2";
			};
			name = Release;
		};
/* End XCBuildConfiguration section */

/* Begin XCConfigurationList section */
		B61AF3422480BE5C00A2DC12 /* Build configuration list for PBXProject "FlickrDemo" */ = {
			isa = XCConfigurationList;
			buildConfigurations = (
				B61AF35C2480BE5E00A2DC12 /* Debug */,
				B61AF35D2480BE5E00A2DC12 /* Release */,
			);
			defaultConfigurationIsVisible = 0;
			defaultConfigurationName = Release;
		};
		B61AF35E2480BE5E00A2DC12 /* Build configuration list for PBXNativeTarget "FlickrDemo" */ = {
			isa = XCConfigurationList;
			buildConfigurations = (
				B61AF35F2480BE5E00A2DC12 /* Debug */,
				B61AF3602480BE5E00A2DC12 /* Release */,
			);
			defaultConfigurationIsVisible = 0;
			defaultConfigurationName = Release;
		};
/* End XCConfigurationList section */

/* Begin XCVersionGroup section */
		B61AF3532480BE5C00A2DC12 /* FlickrDemo.xcdatamodeld */ = {
			isa = XCVersionGroup;
			children = (
				B61AF3542480BE5C00A2DC12 /* FlickrDemo.xcdatamodel */,
			);
			currentVersion = B61AF3542480BE5C00A2DC12 /* FlickrDemo.xcdatamodel */;
			path = FlickrDemo.xcdatamodeld;
			sourceTree = "<group>";
			versionGroupType = wrapper.xcdatamodel;
		};
/* End XCVersionGroup section */
	};
	rootObject = B61AF33F2480BE5C00A2DC12 /* Project object */;
}
